
Microsoft Visual Studio Solution File, Format Version 12.00
# Visual Studio 15
VisualStudioVersion = 15.0.27130.2027
MinimumVisualStudioVersion = 10.0.40219.1
Project("{2150E333-8FDC-42A3-9474-1A3956D46DE8}") = "Solution Items", "Solution Items", "{1ED02FF2-AD25-49FF-98E8-50B8006745B9}"
	ProjectSection(SolutionItems) = preProject
		commands.json = commands.json
	EndProjectSection
EndProject
Project("{9A19103F-16F7-4668-BE54-9A1E7A4F7556}") = "Vita.Contracts", "Vita.Contracts\Vita.Contracts.csproj", "{09954619-F5D4-4C7E-B742-DD1233AAF4B2}"
EndProject
Project("{9A19103F-16F7-4668-BE54-9A1E7A4F7556}") = "Vita.Domain", "Vita.Domain\Vita.Domain.csproj", "{45D62926-010B-4277-BC77-B0DB01C2ED5D}"
EndProject
Project("{2150E333-8FDC-42A3-9474-1A3956D46DE8}") = "core", "core", "{6164E646-3EDD-4158-AC19-C6AE42C7D930}"
EndProject
Project("{9A19103F-16F7-4668-BE54-9A1E7A4F7556}") = "Vita.Domain.Tests", "Vita.Domain.Tests\Vita.Domain.Tests.csproj", "{A0B01F2A-2F9D-45B0-8A7D-26C47FB497A2}"
EndProject
Project("{9A19103F-16F7-4668-BE54-9A1E7A4F7556}") = "Vita.Web", "Vita.Web\Vita.Web.csproj", "{D97214F9-CB0F-4260-AE19-296DCFCE3A86}"
EndProject
Project("{9A19103F-16F7-4668-BE54-9A1E7A4F7556}") = "Vita.Api", "Vita.Api\Vita.Api.csproj", "{B8E08415-6390-4AF9-828C-189D4A730D43}"
EndProject
Project("{2150E333-8FDC-42A3-9474-1A3956D46DE8}") = "tools", "tools", "{9B346CC6-6308-455E-84D8-BFE9B87F73B8}"
EndProject
Project("{2150E333-8FDC-42A3-9474-1A3956D46DE8}") = "scripts", "scripts", "{511EFB56-22C2-457A-98F2-17E481F5D0C8}"
EndProject
Project("{9A19103F-16F7-4668-BE54-9A1E7A4F7556}") = "Vita.Predictor", "Vita.Predictor\Vita.Predictor.csproj", "{F5EB6D97-5315-47D2-BAA8-5D1C63B094D6}"
EndProject
Project("{9A19103F-16F7-4668-BE54-9A1E7A4F7556}") = "Vita.Predictor.Tests", "Vita.Predictor.Tests\Vita.Predictor.Tests.csproj", "{1A0FED9E-E88C-44B1-9D1C-C835834D156C}"
EndProject
Project("{2150E333-8FDC-42A3-9474-1A3956D46DE8}") = "banks", "banks", "{98B72A5A-7149-492A-8004-3DB3461526FF}"
	ProjectSection(SolutionItems) = preProject
		..\scripts\banks\anz.fsx = ..\scripts\banks\anz.fsx
		..\scripts\banks\demo.fsx = ..\scripts\banks\demo.fsx
		..\scripts\banks\install.fsx = ..\scripts\banks\install.fsx
		..\scripts\banks\refs.fsx = ..\scripts\banks\refs.fsx
	EndProjectSection
EndProject
Project("{9A19103F-16F7-4668-BE54-9A1E7A4F7556}") = "Vita.Api.Prediction", "Vita.Api.Prediction\Vita.Api.Prediction.csproj", "{278EF474-5CA3-4F22-A4FF-B19C198FE5EB}"
EndProject
Project("{9A19103F-16F7-4668-BE54-9A1E7A4F7556}") = "Vita.Setup", "Vita.Setup\Vita.Setup.csproj", "{4C35FE98-4354-4457-82BA-741BEDE912AF}"
EndProject
Project("{E53339B2-1760-4266-BCC7-CA923CBCF16C}") = "docker-compose", "docker-compose.dcproj", "{6C5EAC5B-76ED-4EE7-82DF-4A8FB544F24A}"
EndProject
Project("{2150E333-8FDC-42A3-9474-1A3956D46DE8}") = "analysis", "analysis", "{895DEDE6-402D-494C-AA4B-F0A7CC6C4D8B}"
	ProjectSection(SolutionItems) = preProject
		..\analysis\bank-statement-notebook.ipynb = ..\analysis\bank-statement-notebook.ipynb
		..\analysis\cross-validation.linq = ..\analysis\cross-validation.linq
		..\analysis\explore_data.r = ..\analysis\explore_data.r
		..\analysis\include.r = ..\analysis\include.r
		..\analysis\setup.r = ..\analysis\setup.r
	EndProjectSection
EndProject
Global
	GlobalSection(SolutionConfigurationPlatforms) = preSolution
		Debug|Any CPU = Debug|Any CPU
		Production|Any CPU = Production|Any CPU
		Release|Any CPU = Release|Any CPU
	EndGlobalSection
	GlobalSection(ProjectConfigurationPlatforms) = postSolution
		{09954619-F5D4-4C7E-B742-DD1233AAF4B2}.Debug|Any CPU.ActiveCfg = Debug|Any CPU
		{09954619-F5D4-4C7E-B742-DD1233AAF4B2}.Debug|Any CPU.Build.0 = Debug|Any CPU
		{09954619-F5D4-4C7E-B742-DD1233AAF4B2}.Production|Any CPU.ActiveCfg = Production|Any CPU
		{09954619-F5D4-4C7E-B742-DD1233AAF4B2}.Production|Any CPU.Build.0 = Production|Any CPU
		{09954619-F5D4-4C7E-B742-DD1233AAF4B2}.Release|Any CPU.ActiveCfg = Release|Any CPU
		{09954619-F5D4-4C7E-B742-DD1233AAF4B2}.Release|Any CPU.Build.0 = Release|Any CPU
		{45D62926-010B-4277-BC77-B0DB01C2ED5D}.Debug|Any CPU.ActiveCfg = Debug|Any CPU
		{45D62926-010B-4277-BC77-B0DB01C2ED5D}.Debug|Any CPU.Build.0 = Debug|Any CPU
		{45D62926-010B-4277-BC77-B0DB01C2ED5D}.Production|Any CPU.ActiveCfg = Production|Any CPU
		{45D62926-010B-4277-BC77-B0DB01C2ED5D}.Production|Any CPU.Build.0 = Production|Any CPU
		{45D62926-010B-4277-BC77-B0DB01C2ED5D}.Release|Any CPU.ActiveCfg = Release|Any CPU
		{45D62926-010B-4277-BC77-B0DB01C2ED5D}.Release|Any CPU.Build.0 = Release|Any CPU
		{A0B01F2A-2F9D-45B0-8A7D-26C47FB497A2}.Debug|Any CPU.ActiveCfg = Debug|Any CPU
		{A0B01F2A-2F9D-45B0-8A7D-26C47FB497A2}.Debug|Any CPU.Build.0 = Debug|Any CPU
		{A0B01F2A-2F9D-45B0-8A7D-26C47FB497A2}.Production|Any CPU.ActiveCfg = Production|Any CPU
		{A0B01F2A-2F9D-45B0-8A7D-26C47FB497A2}.Production|Any CPU.Build.0 = Production|Any CPU
		{A0B01F2A-2F9D-45B0-8A7D-26C47FB497A2}.Release|Any CPU.ActiveCfg = Release|Any CPU
		{A0B01F2A-2F9D-45B0-8A7D-26C47FB497A2}.Release|Any CPU.Build.0 = Release|Any CPU
		{D97214F9-CB0F-4260-AE19-296DCFCE3A86}.Debug|Any CPU.ActiveCfg = Debug|Any CPU
		{D97214F9-CB0F-4260-AE19-296DCFCE3A86}.Debug|Any CPU.Build.0 = Debug|Any CPU
		{D97214F9-CB0F-4260-AE19-296DCFCE3A86}.Production|Any CPU.ActiveCfg = Debug|Any CPU
		{D97214F9-CB0F-4260-AE19-296DCFCE3A86}.Production|Any CPU.Build.0 = Debug|Any CPU
		{D97214F9-CB0F-4260-AE19-296DCFCE3A86}.Release|Any CPU.ActiveCfg = Release|Any CPU
		{D97214F9-CB0F-4260-AE19-296DCFCE3A86}.Release|Any CPU.Build.0 = Release|Any CPU
		{B8E08415-6390-4AF9-828C-189D4A730D43}.Debug|Any CPU.ActiveCfg = Debug|Any CPU
		{B8E08415-6390-4AF9-828C-189D4A730D43}.Debug|Any CPU.Build.0 = Debug|Any CPU
		{B8E08415-6390-4AF9-828C-189D4A730D43}.Production|Any CPU.ActiveCfg = Debug|Any CPU
		{B8E08415-6390-4AF9-828C-189D4A730D43}.Production|Any CPU.Build.0 = Debug|Any CPU
		{B8E08415-6390-4AF9-828C-189D4A730D43}.Release|Any CPU.ActiveCfg = Release|Any CPU
		{B8E08415-6390-4AF9-828C-189D4A730D43}.Release|Any CPU.Build.0 = Release|Any CPU
		{F5EB6D97-5315-47D2-BAA8-5D1C63B094D6}.Debug|Any CPU.ActiveCfg = Debug|Any CPU
		{F5EB6D97-5315-47D2-BAA8-5D1C63B094D6}.Debug|Any CPU.Build.0 = Debug|Any CPU
		{F5EB6D97-5315-47D2-BAA8-5D1C63B094D6}.Production|Any CPU.ActiveCfg = Debug|Any CPU
		{F5EB6D97-5315-47D2-BAA8-5D1C63B094D6}.Production|Any CPU.Build.0 = Debug|Any CPU
		{F5EB6D97-5315-47D2-BAA8-5D1C63B094D6}.Release|Any CPU.ActiveCfg = Release|Any CPU
		{F5EB6D97-5315-47D2-BAA8-5D1C63B094D6}.Release|Any CPU.Build.0 = Release|Any CPU
		{1A0FED9E-E88C-44B1-9D1C-C835834D156C}.Debug|Any CPU.ActiveCfg = Debug|Any CPU
		{1A0FED9E-E88C-44B1-9D1C-C835834D156C}.Debug|Any CPU.Build.0 = Debug|Any CPU
		{1A0FED9E-E88C-44B1-9D1C-C835834D156C}.Production|Any CPU.ActiveCfg = Debug|Any CPU
		{1A0FED9E-E88C-44B1-9D1C-C835834D156C}.Production|Any CPU.Build.0 = Debug|Any CPU
		{1A0FED9E-E88C-44B1-9D1C-C835834D156C}.Release|Any CPU.ActiveCfg = Release|Any CPU
		{1A0FED9E-E88C-44B1-9D1C-C835834D156C}.Release|Any CPU.Build.0 = Release|Any CPU
		{278EF474-5CA3-4F22-A4FF-B19C198FE5EB}.Debug|Any CPU.ActiveCfg = Debug|Any CPU
		{278EF474-5CA3-4F22-A4FF-B19C198FE5EB}.Debug|Any CPU.Build.0 = Debug|Any CPU
		{278EF474-5CA3-4F22-A4FF-B19C198FE5EB}.Production|Any CPU.ActiveCfg = Debug|Any CPU
		{278EF474-5CA3-4F22-A4FF-B19C198FE5EB}.Production|Any CPU.Build.0 = Debug|Any CPU
		{278EF474-5CA3-4F22-A4FF-B19C198FE5EB}.Release|Any CPU.ActiveCfg = Release|Any CPU
		{278EF474-5CA3-4F22-A4FF-B19C198FE5EB}.Release|Any CPU.Build.0 = Release|Any CPU
		{4C35FE98-4354-4457-82BA-741BEDE912AF}.Debug|Any CPU.ActiveCfg = Debug|Any CPU
		{4C35FE98-4354-4457-82BA-741BEDE912AF}.Debug|Any CPU.Build.0 = Debug|Any CPU
		{4C35FE98-4354-4457-82BA-741BEDE912AF}.Production|Any CPU.ActiveCfg = Debug|Any CPU
		{4C35FE98-4354-4457-82BA-741BEDE912AF}.Production|Any CPU.Build.0 = Debug|Any CPU
		{4C35FE98-4354-4457-82BA-741BEDE912AF}.Release|Any CPU.ActiveCfg = Release|Any CPU
		{4C35FE98-4354-4457-82BA-741BEDE912AF}.Release|Any CPU.Build.0 = Release|Any CPU
		{6C5EAC5B-76ED-4EE7-82DF-4A8FB544F24A}.Debug|Any CPU.ActiveCfg = Debug|Any CPU
		{6C5EAC5B-76ED-4EE7-82DF-4A8FB544F24A}.Debug|Any CPU.Build.0 = Debug|Any CPU
		{6C5EAC5B-76ED-4EE7-82DF-4A8FB544F24A}.Production|Any CPU.ActiveCfg = Production|Any CPU
		{6C5EAC5B-76ED-4EE7-82DF-4A8FB544F24A}.Production|Any CPU.Build.0 = Production|Any CPU
		{6C5EAC5B-76ED-4EE7-82DF-4A8FB544F24A}.Release|Any CPU.ActiveCfg = Release|Any CPU
		{6C5EAC5B-76ED-4EE7-82DF-4A8FB544F24A}.Release|Any CPU.Build.0 = Release|Any CPU
	EndGlobalSection
	GlobalSection(SolutionProperties) = preSolution
		HideSolutionNode = FALSE
	EndGlobalSection
	GlobalSection(NestedProjects) = preSolution
		{09954619-F5D4-4C7E-B742-DD1233AAF4B2} = {6164E646-3EDD-4158-AC19-C6AE42C7D930}
		{45D62926-010B-4277-BC77-B0DB01C2ED5D} = {6164E646-3EDD-4158-AC19-C6AE42C7D930}
		{A0B01F2A-2F9D-45B0-8A7D-26C47FB497A2} = {6164E646-3EDD-4158-AC19-C6AE42C7D930}
		{F5EB6D97-5315-47D2-BAA8-5D1C63B094D6} = {6164E646-3EDD-4158-AC19-C6AE42C7D930}
		{1A0FED9E-E88C-44B1-9D1C-C835834D156C} = {6164E646-3EDD-4158-AC19-C6AE42C7D930}
		{98B72A5A-7149-492A-8004-3DB3461526FF} = {511EFB56-22C2-457A-98F2-17E481F5D0C8}
		{4C35FE98-4354-4457-82BA-741BEDE912AF} = {9B346CC6-6308-455E-84D8-BFE9B87F73B8}
	EndGlobalSection
	GlobalSection(ExtensibilityGlobals) = postSolution
		SolutionGuid = {52312115-1681-4F2D-BA1B-3881F677592E}
	EndGlobalSection
EndGlobal
